
Microsoft Visual Studio Solution File, Format Version 12.00
# Visual Studio Version 16
VisualStudioVersion = 16.0.30413.136
MinimumVisualStudioVersion = 10.0.40219.1
Project("{FAE04EC0-301F-11D3-BF4B-00C04F79EFBC}") = "Quests.Server", "Quests\Server\Quests.Server.csproj", "{C39B435A-C03C-4E3C-9ECF-28F25F2AAED7}"
EndProject
Project("{FAE04EC0-301F-11D3-BF4B-00C04F79EFBC}") = "Quests.Client", "Quests\Client\Quests.Client.csproj", "{A5D08450-7A5B-4B8D-9E4A-DAAA09C95592}"
EndProject
Project("{FAE04EC0-301F-11D3-BF4B-00C04F79EFBC}") = "Quests.Shared", "Quests\Shared\Quests.Shared.csproj", "{65353AD3-A10C-48B4-865E-479D5C8AA8EB}"
EndProject
Global
	GlobalSection(SolutionConfigurationPlatforms) = preSolution
		Debug|Any CPU = Debug|Any CPU
		Release|Any CPU = Release|Any CPU
	EndGlobalSection
	GlobalSection(ProjectConfigurationPlatforms) = postSolution
		{C39B435A-C03C-4E3C-9ECF-28F25F2AAED7}.Debug|Any CPU.ActiveCfg = Debug|Any CPU
		{C39B435A-C03C-4E3C-9ECF-28F25F2AAED7}.Debug|Any CPU.Build.0 = Debug|Any CPU
		{C39B435A-C03C-4E3C-9ECF-28F25F2AAED7}.Release|Any CPU.ActiveCfg = Release|Any CPU
		{C39B435A-C03C-4E3C-9ECF-28F25F2AAED7}.Release|Any CPU.Build.0 = Release|Any CPU
		{A5D08450-7A5B-4B8D-9E4A-DAAA09C95592}.Debug|Any CPU.ActiveCfg = Debug|Any CPU
		{A5D08450-7A5B-4B8D-9E4A-DAAA09C95592}.Debug|Any CPU.Build.0 = Debug|Any CPU
		{A5D08450-7A5B-4B8D-9E4A-DAAA09C95592}.Release|Any CPU.ActiveCfg = Release|Any CPU
		{A5D08450-7A5B-4B8D-9E4A-DAAA09C95592}.Release|Any CPU.Build.0 = Release|Any CPU
		{65353AD3-A10C-48B4-865E-479D5C8AA8EB}.Debug|Any CPU.ActiveCfg = Debug|Any CPU
		{65353AD3-A10C-48B4-865E-479D5C8AA8EB}.Debug|Any CPU.Build.0 = Debug|Any CPU
		{65353AD3-A10C-48B4-865E-479D5C8AA8EB}.Release|Any CPU.ActiveCfg = Release|Any CPU
		{65353AD3-A10C-48B4-865E-479D5C8AA8EB}.Release|Any CPU.Build.0 = Release|Any CPU
	EndGlobalSection
	GlobalSection(SolutionProperties) = preSolution
		HideSolutionNode = FALSE
	EndGlobalSection
	GlobalSection(ExtensibilityGlobals) = postSolution
		SolutionGuid = {588D9077-129E-4827-9FDC-DFEA271655F0}
	EndGlobalSection
EndGlobal
